
Microsoft Visual Studio Solution File, Format Version 12.00
# Visual Studio Version 17
VisualStudioVersion = 17.0.31903.59
MinimumVisualStudioVersion = 10.0.40219.1
Project("{FAE04EC0-301F-11D3-BF4B-00C04F79EFBC}") = "ExpensePaymentSystem.Api", "ExpensePaymentSystem.Api\ExpensePaymentSystem.Api.csproj", "{F39A0440-2F9A-4559-913D-001DE8E31B5F}"
EndProject
Project("{FAE04EC0-301F-11D3-BF4B-00C04F79EFBC}") = "ExpensePaymentSystem.Data", "ExpensePaymentSystem.Data\ExpensePaymentSystem.Data.csproj", "{8FC05BA1-A4B4-494B-BDBA-AEBF60CFA015}"
EndProject
Project("{FAE04EC0-301F-11D3-BF4B-00C04F79EFBC}") = "ExpensePaymentSystem.Base", "ExpensePaymentSystem.Base\ExpensePaymentSystem.Base.csproj", "{7A8B2237-EAD9-4B12-BFDE-E833E87236C9}"
EndProject
Project("{FAE04EC0-301F-11D3-BF4B-00C04F79EFBC}") = "ExpensePaymentSystem.Business", "ExpensePaymentSystem.Business\ExpensePaymentSystem.Business.csproj", "{85B58483-6E2A-4D00-A004-008C5C3D8F0F}"
EndProject
Project("{FAE04EC0-301F-11D3-BF4B-00C04F79EFBC}") = "ExpensePaymentSystem.Schema", "ExpensePaymentSystem.Schema\ExpensePaymentSystem.Schema.csproj", "{904F09E9-01FD-4D5C-BC9C-6FB572E86862}"
EndProject
Global
	GlobalSection(SolutionConfigurationPlatforms) = preSolution
		Debug|Any CPU = Debug|Any CPU
		Release|Any CPU = Release|Any CPU
	EndGlobalSection
	GlobalSection(SolutionProperties) = preSolution
		HideSolutionNode = FALSE
	EndGlobalSection
	GlobalSection(ProjectConfigurationPlatforms) = postSolution
		{F39A0440-2F9A-4559-913D-001DE8E31B5F}.Debug|Any CPU.ActiveCfg = Debug|Any CPU
		{F39A0440-2F9A-4559-913D-001DE8E31B5F}.Debug|Any CPU.Build.0 = Debug|Any CPU
		{F39A0440-2F9A-4559-913D-001DE8E31B5F}.Release|Any CPU.ActiveCfg = Release|Any CPU
		{F39A0440-2F9A-4559-913D-001DE8E31B5F}.Release|Any CPU.Build.0 = Release|Any CPU
		{8FC05BA1-A4B4-494B-BDBA-AEBF60CFA015}.Debug|Any CPU.ActiveCfg = Debug|Any CPU
		{8FC05BA1-A4B4-494B-BDBA-AEBF60CFA015}.Debug|Any CPU.Build.0 = Debug|Any CPU
		{8FC05BA1-A4B4-494B-BDBA-AEBF60CFA015}.Release|Any CPU.ActiveCfg = Release|Any CPU
		{8FC05BA1-A4B4-494B-BDBA-AEBF60CFA015}.Release|Any CPU.Build.0 = Release|Any CPU
		{7A8B2237-EAD9-4B12-BFDE-E833E87236C9}.Debug|Any CPU.ActiveCfg = Debug|Any CPU
		{7A8B2237-EAD9-4B12-BFDE-E833E87236C9}.Debug|Any CPU.Build.0 = Debug|Any CPU
		{7A8B2237-EAD9-4B12-BFDE-E833E87236C9}.Release|Any CPU.ActiveCfg = Release|Any CPU
		{7A8B2237-EAD9-4B12-BFDE-E833E87236C9}.Release|Any CPU.Build.0 = Release|Any CPU
		{85B58483-6E2A-4D00-A004-008C5C3D8F0F}.Debug|Any CPU.ActiveCfg = Debug|Any CPU
		{85B58483-6E2A-4D00-A004-008C5C3D8F0F}.Debug|Any CPU.Build.0 = Debug|Any CPU
		{85B58483-6E2A-4D00-A004-008C5C3D8F0F}.Release|Any CPU.ActiveCfg = Release|Any CPU
		{85B58483-6E2A-4D00-A004-008C5C3D8F0F}.Release|Any CPU.Build.0 = Release|Any CPU
		{904F09E9-01FD-4D5C-BC9C-6FB572E86862}.Debug|Any CPU.ActiveCfg = Debug|Any CPU
		{904F09E9-01FD-4D5C-BC9C-6FB572E86862}.Debug|Any CPU.Build.0 = Debug|Any CPU
		{904F09E9-01FD-4D5C-BC9C-6FB572E86862}.Release|Any CPU.ActiveCfg = Release|Any CPU
		{904F09E9-01FD-4D5C-BC9C-6FB572E86862}.Release|Any CPU.Build.0 = Release|Any CPU
	EndGlobalSection
EndGlobal
